
Microsoft Visual Studio Solution File, Format Version 12.00
# Visual Studio Version 17
VisualStudioVersion = 17.0.32014.148
MinimumVisualStudioVersion = 10.0.40219.1
Project("{FAE04EC0-301F-11D3-BF4B-00C04F79EFBC}") = "BlazorApp1.Server", "BlazorApp1\Server\BlazorApp1.Server.csproj", "{67880CBB-4F57-4CF9-9ACF-8E6EFE14F57F}"
EndProject
Project("{FAE04EC0-301F-11D3-BF4B-00C04F79EFBC}") = "BlazorApp1.Client", "BlazorApp1\Client\BlazorApp1.Client.csproj", "{F2EAA2D0-B198-41BD-A531-1AA0BD18E665}"
EndProject
Project("{FAE04EC0-301F-11D3-BF4B-00C04F79EFBC}") = "BlazorApp1.Shared", "BlazorApp1\Shared\BlazorApp1.Shared.csproj", "{64ADE0DC-A85D-4654-AD66-7482E07F9F02}"
EndProject
Global
	GlobalSection(SolutionConfigurationPlatforms) = preSolution
		Debug|Any CPU = Debug|Any CPU
		Release|Any CPU = Release|Any CPU
	EndGlobalSection
	GlobalSection(ProjectConfigurationPlatforms) = postSolution
		{67880CBB-4F57-4CF9-9ACF-8E6EFE14F57F}.Debug|Any CPU.ActiveCfg = Debug|Any CPU
		{67880CBB-4F57-4CF9-9ACF-8E6EFE14F57F}.Debug|Any CPU.Build.0 = Debug|Any CPU
		{67880CBB-4F57-4CF9-9ACF-8E6EFE14F57F}.Release|Any CPU.ActiveCfg = Release|Any CPU
		{67880CBB-4F57-4CF9-9ACF-8E6EFE14F57F}.Release|Any CPU.Build.0 = Release|Any CPU
		{F2EAA2D0-B198-41BD-A531-1AA0BD18E665}.Debug|Any CPU.ActiveCfg = Debug|Any CPU
		{F2EAA2D0-B198-41BD-A531-1AA0BD18E665}.Debug|Any CPU.Build.0 = Debug|Any CPU
		{F2EAA2D0-B198-41BD-A531-1AA0BD18E665}.Release|Any CPU.ActiveCfg = Release|Any CPU
		{F2EAA2D0-B198-41BD-A531-1AA0BD18E665}.Release|Any CPU.Build.0 = Release|Any CPU
		{64ADE0DC-A85D-4654-AD66-7482E07F9F02}.Debug|Any CPU.ActiveCfg = Debug|Any CPU
		{64ADE0DC-A85D-4654-AD66-7482E07F9F02}.Debug|Any CPU.Build.0 = Debug|Any CPU
		{64ADE0DC-A85D-4654-AD66-7482E07F9F02}.Release|Any CPU.ActiveCfg = Release|Any CPU
		{64ADE0DC-A85D-4654-AD66-7482E07F9F02}.Release|Any CPU.Build.0 = Release|Any CPU
	EndGlobalSection
	GlobalSection(SolutionProperties) = preSolution
		HideSolutionNode = FALSE
	EndGlobalSection
	GlobalSection(ExtensibilityGlobals) = postSolution
		SolutionGuid = {88A1D690-2240-42AF-BB94-718FC4882802}
	EndGlobalSection
EndGlobal
